
Microsoft Visual Studio Solution File, Format Version 12.00
# Visual Studio Version 17
VisualStudioVersion = 17.0.31903.59
MinimumVisualStudioVersion = 10.0.40219.1
Project("{2150E333-8FDC-42A3-9474-1A3956D46DE8}") = "Test", "Test", "{9E8A4D2A-7CE7-4083-B9E0-91D563AA815F}"
EndProject
Project("{FAE04EC0-301F-11D3-BF4B-00C04F79EFBC}") = "_safeprojectname_.Test", "Test\_safeprojectname_.Test\_safeprojectname_.Test.csproj", "{C5836BDA-4AF5-473D-B901-0738E8BA6DF5}"
EndProject
Project("{FAE04EC0-301F-11D3-BF4B-00C04F79EFBC}") = "_safeprojectname_.Api.Host", "_safeprojectname_.Api.Host\_safeprojectname_.Api.Host.csproj", "{97785D0A-2097-4CCF-9B90-C1EE6329C9D8}"
EndProject
Global
	GlobalSection(SolutionConfigurationPlatforms) = preSolution
		Debug|Any CPU = Debug|Any CPU
		Release|Any CPU = Release|Any CPU
	EndGlobalSection
	GlobalSection(SolutionProperties) = preSolution
		HideSolutionNode = FALSE
	EndGlobalSection
	GlobalSection(ProjectConfigurationPlatforms) = postSolution
		{C5836BDA-4AF5-473D-B901-0738E8BA6DF5}.Debug|Any CPU.ActiveCfg = Debug|Any CPU
		{C5836BDA-4AF5-473D-B901-0738E8BA6DF5}.Debug|Any CPU.Build.0 = Debug|Any CPU
		{C5836BDA-4AF5-473D-B901-0738E8BA6DF5}.Release|Any CPU.ActiveCfg = Release|Any CPU
		{C5836BDA-4AF5-473D-B901-0738E8BA6DF5}.Release|Any CPU.Build.0 = Release|Any CPU
		{97785D0A-2097-4CCF-9B90-C1EE6329C9D8}.Debug|Any CPU.ActiveCfg = Debug|Any CPU
		{97785D0A-2097-4CCF-9B90-C1EE6329C9D8}.Debug|Any CPU.Build.0 = Debug|Any CPU
		{97785D0A-2097-4CCF-9B90-C1EE6329C9D8}.Release|Any CPU.ActiveCfg = Release|Any CPU
		{97785D0A-2097-4CCF-9B90-C1EE6329C9D8}.Release|Any CPU.Build.0 = Release|Any CPU
	EndGlobalSection
	GlobalSection(NestedProjects) = preSolution
		{C5836BDA-4AF5-473D-B901-0738E8BA6DF5} = {9E8A4D2A-7CE7-4083-B9E0-91D563AA815F}
	EndGlobalSection
EndGlobal
