
Microsoft Visual Studio Solution File, Format Version 12.00
# Visual Studio Version 16
VisualStudioVersion = 16.0.30028.174
MinimumVisualStudioVersion = 15.0.26124.0
Project("{9A19103F-16F7-4668-BE54-9A1E7A4F7556}") = "SimpleModular.Api.Host", "SimpleModular.Api.Host\SimpleModular.Api.Host.csproj", "{42D9921F-FADF-41BD-B2B7-119EB2CCC7D8}"
EndProject
Project("{9A19103F-16F7-4668-BE54-9A1E7A4F7556}") = "SimpleModular.Core", "SimpleModular.Core\SimpleModular.Core.csproj", "{1655951F-A867-43CA-A4A7-A9BA0BC273B9}"
EndProject
Project("{9A19103F-16F7-4668-BE54-9A1E7A4F7556}") = "SimpleModular.First", "SimpleModular.First\SimpleModular.First.csproj", "{BE0A1220-F9E7-46D4-BEB0-F19B8181181E}"
EndProject
Project("{FAE04EC0-301F-11D3-BF4B-00C04F79EFBC}") = "SimpleModular.Test", "SimpleModular.Test\SimpleModular.Test.csproj", "{5A54E6D9-A40F-4E72-9200-E8F3D76B82E5}"
EndProject
Project("{2150E333-8FDC-42A3-9474-1A3956D46DE8}") = "Test", "Test", "{94365738-2CBA-4C42-AAED-7C38EC78D5F3}"
EndProject
Project("{FAE04EC0-301F-11D3-BF4B-00C04F79EFBC}") = "TestModule", "TestModule\TestModule.csproj", "{95F70F8B-A8FA-42CA-9A9C-AC21A2EE5BC4}"
EndProject
Global
	GlobalSection(SolutionConfigurationPlatforms) = preSolution
		Debug|Any CPU = Debug|Any CPU
		Debug|x64 = Debug|x64
		Debug|x86 = Debug|x86
		Release|Any CPU = Release|Any CPU
		Release|x64 = Release|x64
		Release|x86 = Release|x86
	EndGlobalSection
	GlobalSection(ProjectConfigurationPlatforms) = postSolution
		{42D9921F-FADF-41BD-B2B7-119EB2CCC7D8}.Debug|Any CPU.ActiveCfg = Debug|Any CPU
		{42D9921F-FADF-41BD-B2B7-119EB2CCC7D8}.Debug|Any CPU.Build.0 = Debug|Any CPU
		{42D9921F-FADF-41BD-B2B7-119EB2CCC7D8}.Debug|x64.ActiveCfg = Debug|Any CPU
		{42D9921F-FADF-41BD-B2B7-119EB2CCC7D8}.Debug|x64.Build.0 = Debug|Any CPU
		{42D9921F-FADF-41BD-B2B7-119EB2CCC7D8}.Debug|x86.ActiveCfg = Debug|Any CPU
		{42D9921F-FADF-41BD-B2B7-119EB2CCC7D8}.Debug|x86.Build.0 = Debug|Any CPU
		{42D9921F-FADF-41BD-B2B7-119EB2CCC7D8}.Release|Any CPU.ActiveCfg = Release|Any CPU
		{42D9921F-FADF-41BD-B2B7-119EB2CCC7D8}.Release|Any CPU.Build.0 = Release|Any CPU
		{42D9921F-FADF-41BD-B2B7-119EB2CCC7D8}.Release|x64.ActiveCfg = Release|Any CPU
		{42D9921F-FADF-41BD-B2B7-119EB2CCC7D8}.Release|x64.Build.0 = Release|Any CPU
		{42D9921F-FADF-41BD-B2B7-119EB2CCC7D8}.Release|x86.ActiveCfg = Release|Any CPU
		{42D9921F-FADF-41BD-B2B7-119EB2CCC7D8}.Release|x86.Build.0 = Release|Any CPU
		{1655951F-A867-43CA-A4A7-A9BA0BC273B9}.Debug|Any CPU.ActiveCfg = Debug|Any CPU
		{1655951F-A867-43CA-A4A7-A9BA0BC273B9}.Debug|Any CPU.Build.0 = Debug|Any CPU
		{1655951F-A867-43CA-A4A7-A9BA0BC273B9}.Debug|x64.ActiveCfg = Debug|Any CPU
		{1655951F-A867-43CA-A4A7-A9BA0BC273B9}.Debug|x64.Build.0 = Debug|Any CPU
		{1655951F-A867-43CA-A4A7-A9BA0BC273B9}.Debug|x86.ActiveCfg = Debug|Any CPU
		{1655951F-A867-43CA-A4A7-A9BA0BC273B9}.Debug|x86.Build.0 = Debug|Any CPU
		{1655951F-A867-43CA-A4A7-A9BA0BC273B9}.Release|Any CPU.ActiveCfg = Release|Any CPU
		{1655951F-A867-43CA-A4A7-A9BA0BC273B9}.Release|Any CPU.Build.0 = Release|Any CPU
		{1655951F-A867-43CA-A4A7-A9BA0BC273B9}.Release|x64.ActiveCfg = Release|Any CPU
		{1655951F-A867-43CA-A4A7-A9BA0BC273B9}.Release|x64.Build.0 = Release|Any CPU
		{1655951F-A867-43CA-A4A7-A9BA0BC273B9}.Release|x86.ActiveCfg = Release|Any CPU
		{1655951F-A867-43CA-A4A7-A9BA0BC273B9}.Release|x86.Build.0 = Release|Any CPU
		{BE0A1220-F9E7-46D4-BEB0-F19B8181181E}.Debug|Any CPU.ActiveCfg = Debug|Any CPU
		{BE0A1220-F9E7-46D4-BEB0-F19B8181181E}.Debug|Any CPU.Build.0 = Debug|Any CPU
		{BE0A1220-F9E7-46D4-BEB0-F19B8181181E}.Debug|x64.ActiveCfg = Debug|Any CPU
		{BE0A1220-F9E7-46D4-BEB0-F19B8181181E}.Debug|x64.Build.0 = Debug|Any CPU
		{BE0A1220-F9E7-46D4-BEB0-F19B8181181E}.Debug|x86.ActiveCfg = Debug|Any CPU
		{BE0A1220-F9E7-46D4-BEB0-F19B8181181E}.Debug|x86.Build.0 = Debug|Any CPU
		{BE0A1220-F9E7-46D4-BEB0-F19B8181181E}.Release|Any CPU.ActiveCfg = Release|Any CPU
		{BE0A1220-F9E7-46D4-BEB0-F19B8181181E}.Release|Any CPU.Build.0 = Release|Any CPU
		{BE0A1220-F9E7-46D4-BEB0-F19B8181181E}.Release|x64.ActiveCfg = Release|Any CPU
		{BE0A1220-F9E7-46D4-BEB0-F19B8181181E}.Release|x64.Build.0 = Release|Any CPU
		{BE0A1220-F9E7-46D4-BEB0-F19B8181181E}.Release|x86.ActiveCfg = Release|Any CPU
		{BE0A1220-F9E7-46D4-BEB0-F19B8181181E}.Release|x86.Build.0 = Release|Any CPU
		{5A54E6D9-A40F-4E72-9200-E8F3D76B82E5}.Debug|Any CPU.ActiveCfg = Debug|Any CPU
		{5A54E6D9-A40F-4E72-9200-E8F3D76B82E5}.Debug|Any CPU.Build.0 = Debug|Any CPU
		{5A54E6D9-A40F-4E72-9200-E8F3D76B82E5}.Debug|x64.ActiveCfg = Debug|Any CPU
		{5A54E6D9-A40F-4E72-9200-E8F3D76B82E5}.Debug|x64.Build.0 = Debug|Any CPU
		{5A54E6D9-A40F-4E72-9200-E8F3D76B82E5}.Debug|x86.ActiveCfg = Debug|Any CPU
		{5A54E6D9-A40F-4E72-9200-E8F3D76B82E5}.Debug|x86.Build.0 = Debug|Any CPU
		{5A54E6D9-A40F-4E72-9200-E8F3D76B82E5}.Release|Any CPU.ActiveCfg = Release|Any CPU
		{5A54E6D9-A40F-4E72-9200-E8F3D76B82E5}.Release|Any CPU.Build.0 = Release|Any CPU
		{5A54E6D9-A40F-4E72-9200-E8F3D76B82E5}.Release|x64.ActiveCfg = Release|Any CPU
		{5A54E6D9-A40F-4E72-9200-E8F3D76B82E5}.Release|x64.Build.0 = Release|Any CPU
		{5A54E6D9-A40F-4E72-9200-E8F3D76B82E5}.Release|x86.ActiveCfg = Release|Any CPU
		{5A54E6D9-A40F-4E72-9200-E8F3D76B82E5}.Release|x86.Build.0 = Release|Any CPU
		{95F70F8B-A8FA-42CA-9A9C-AC21A2EE5BC4}.Debug|Any CPU.ActiveCfg = Debug|Any CPU
		{95F70F8B-A8FA-42CA-9A9C-AC21A2EE5BC4}.Debug|Any CPU.Build.0 = Debug|Any CPU
		{95F70F8B-A8FA-42CA-9A9C-AC21A2EE5BC4}.Debug|x64.ActiveCfg = Debug|Any CPU
		{95F70F8B-A8FA-42CA-9A9C-AC21A2EE5BC4}.Debug|x64.Build.0 = Debug|Any CPU
		{95F70F8B-A8FA-42CA-9A9C-AC21A2EE5BC4}.Debug|x86.ActiveCfg = Debug|Any CPU
		{95F70F8B-A8FA-42CA-9A9C-AC21A2EE5BC4}.Debug|x86.Build.0 = Debug|Any CPU
		{95F70F8B-A8FA-42CA-9A9C-AC21A2EE5BC4}.Release|Any CPU.ActiveCfg = Release|Any CPU
		{95F70F8B-A8FA-42CA-9A9C-AC21A2EE5BC4}.Release|Any CPU.Build.0 = Release|Any CPU
		{95F70F8B-A8FA-42CA-9A9C-AC21A2EE5BC4}.Release|x64.ActiveCfg = Release|Any CPU
		{95F70F8B-A8FA-42CA-9A9C-AC21A2EE5BC4}.Release|x64.Build.0 = Release|Any CPU
		{95F70F8B-A8FA-42CA-9A9C-AC21A2EE5BC4}.Release|x86.ActiveCfg = Release|Any CPU
		{95F70F8B-A8FA-42CA-9A9C-AC21A2EE5BC4}.Release|x86.Build.0 = Release|Any CPU
	EndGlobalSection
	GlobalSection(SolutionProperties) = preSolution
		HideSolutionNode = FALSE
	EndGlobalSection
	GlobalSection(NestedProjects) = preSolution
		{5A54E6D9-A40F-4E72-9200-E8F3D76B82E5} = {94365738-2CBA-4C42-AAED-7C38EC78D5F3}
		{95F70F8B-A8FA-42CA-9A9C-AC21A2EE5BC4} = {94365738-2CBA-4C42-AAED-7C38EC78D5F3}
	EndGlobalSection
	GlobalSection(ExtensibilityGlobals) = postSolution
		SolutionGuid = {A1C29F7E-932C-4D52-9DB2-AFCADC61A72F}
	EndGlobalSection
EndGlobal
