
Microsoft Visual Studio Solution File, Format Version 12.00
# Visual Studio Version 16
VisualStudioVersion = 16.0.30028.174
MinimumVisualStudioVersion = 15.0.26124.0
Project("{9A19103F-16F7-4668-BE54-9A1E7A4F7556}") = "SimpleModular.Api.Host", "SimpleModular.Api.Host\SimpleModular.Api.Host.csproj", "{42D9921F-FADF-41BD-B2B7-119EB2CCC7D8}"
EndProject
Project("{9A19103F-16F7-4668-BE54-9A1E7A4F7556}") = "SimpleModular.Core", "SimpleModular.Core\SimpleModular.Core.csproj", "{1655951F-A867-43CA-A4A7-A9BA0BC273B9}"
EndProject
Project("{2150E333-8FDC-42A3-9474-1A3956D46DE8}") = "Test", "Test", "{94365738-2CBA-4C42-AAED-7C38EC78D5F3}"
EndProject
Project("{2150E333-8FDC-42A3-9474-1A3956D46DE8}") = "Modules", "Modules", "{D5DEE094-3038-4B02-A637-BD671FC7B04D}"
	ProjectSection(SolutionItems) = preProject
		Modules\Directory.Build.props = Modules\Directory.Build.props
	EndProjectSection
EndProject
Project("{9A19103F-16F7-4668-BE54-9A1E7A4F7556}") = "SImpleModular.Calculator.Add", "Modules\SImpleModular.Calculator.Add\SImpleModular.Calculator.Add.csproj", "{100F7931-8693-4436-A300-F7489198331F}"
EndProject
Project("{9A19103F-16F7-4668-BE54-9A1E7A4F7556}") = "SImpleModular.Calculator.Substract", "Modules\SImpleModular.Calculator.Substract\SImpleModular.Calculator.Substract.csproj", "{56CB1F14-88B4-489D-A2FB-3CCF146ACD9C}"
EndProject
Project("{9A19103F-16F7-4668-BE54-9A1E7A4F7556}") = "SimpleModular.Test", "Test\SimpleModular.Test\SimpleModular.Test.csproj", "{FABE00D8-E237-42EC-8EF0-9D7C79F43D86}"
EndProject
Project("{9A19103F-16F7-4668-BE54-9A1E7A4F7556}") = "TestModule", "Test\TestModule\TestModule.csproj", "{097924D7-6BDD-4565-9674-BC6E8DF3191B}"
EndProject
Global
	GlobalSection(SolutionConfigurationPlatforms) = preSolution
		Debug|Any CPU = Debug|Any CPU
		Debug|x64 = Debug|x64
		Debug|x86 = Debug|x86
		Release|Any CPU = Release|Any CPU
		Release|x64 = Release|x64
		Release|x86 = Release|x86
	EndGlobalSection
	GlobalSection(ProjectConfigurationPlatforms) = postSolution
		{42D9921F-FADF-41BD-B2B7-119EB2CCC7D8}.Debug|Any CPU.ActiveCfg = Debug|Any CPU
		{42D9921F-FADF-41BD-B2B7-119EB2CCC7D8}.Debug|Any CPU.Build.0 = Debug|Any CPU
		{42D9921F-FADF-41BD-B2B7-119EB2CCC7D8}.Debug|x64.ActiveCfg = Debug|Any CPU
		{42D9921F-FADF-41BD-B2B7-119EB2CCC7D8}.Debug|x64.Build.0 = Debug|Any CPU
		{42D9921F-FADF-41BD-B2B7-119EB2CCC7D8}.Debug|x86.ActiveCfg = Debug|Any CPU
		{42D9921F-FADF-41BD-B2B7-119EB2CCC7D8}.Debug|x86.Build.0 = Debug|Any CPU
		{42D9921F-FADF-41BD-B2B7-119EB2CCC7D8}.Release|Any CPU.ActiveCfg = Release|Any CPU
		{42D9921F-FADF-41BD-B2B7-119EB2CCC7D8}.Release|Any CPU.Build.0 = Release|Any CPU
		{42D9921F-FADF-41BD-B2B7-119EB2CCC7D8}.Release|x64.ActiveCfg = Release|Any CPU
		{42D9921F-FADF-41BD-B2B7-119EB2CCC7D8}.Release|x64.Build.0 = Release|Any CPU
		{42D9921F-FADF-41BD-B2B7-119EB2CCC7D8}.Release|x86.ActiveCfg = Release|Any CPU
		{42D9921F-FADF-41BD-B2B7-119EB2CCC7D8}.Release|x86.Build.0 = Release|Any CPU
		{1655951F-A867-43CA-A4A7-A9BA0BC273B9}.Debug|Any CPU.ActiveCfg = Debug|Any CPU
		{1655951F-A867-43CA-A4A7-A9BA0BC273B9}.Debug|Any CPU.Build.0 = Debug|Any CPU
		{1655951F-A867-43CA-A4A7-A9BA0BC273B9}.Debug|x64.ActiveCfg = Debug|Any CPU
		{1655951F-A867-43CA-A4A7-A9BA0BC273B9}.Debug|x64.Build.0 = Debug|Any CPU
		{1655951F-A867-43CA-A4A7-A9BA0BC273B9}.Debug|x86.ActiveCfg = Debug|Any CPU
		{1655951F-A867-43CA-A4A7-A9BA0BC273B9}.Debug|x86.Build.0 = Debug|Any CPU
		{1655951F-A867-43CA-A4A7-A9BA0BC273B9}.Release|Any CPU.ActiveCfg = Release|Any CPU
		{1655951F-A867-43CA-A4A7-A9BA0BC273B9}.Release|Any CPU.Build.0 = Release|Any CPU
		{1655951F-A867-43CA-A4A7-A9BA0BC273B9}.Release|x64.ActiveCfg = Release|Any CPU
		{1655951F-A867-43CA-A4A7-A9BA0BC273B9}.Release|x64.Build.0 = Release|Any CPU
		{1655951F-A867-43CA-A4A7-A9BA0BC273B9}.Release|x86.ActiveCfg = Release|Any CPU
		{1655951F-A867-43CA-A4A7-A9BA0BC273B9}.Release|x86.Build.0 = Release|Any CPU
		{100F7931-8693-4436-A300-F7489198331F}.Debug|Any CPU.ActiveCfg = Debug|Any CPU
		{100F7931-8693-4436-A300-F7489198331F}.Debug|Any CPU.Build.0 = Debug|Any CPU
		{100F7931-8693-4436-A300-F7489198331F}.Debug|x64.ActiveCfg = Debug|Any CPU
		{100F7931-8693-4436-A300-F7489198331F}.Debug|x64.Build.0 = Debug|Any CPU
		{100F7931-8693-4436-A300-F7489198331F}.Debug|x86.ActiveCfg = Debug|Any CPU
		{100F7931-8693-4436-A300-F7489198331F}.Debug|x86.Build.0 = Debug|Any CPU
		{100F7931-8693-4436-A300-F7489198331F}.Release|Any CPU.ActiveCfg = Release|Any CPU
		{100F7931-8693-4436-A300-F7489198331F}.Release|Any CPU.Build.0 = Release|Any CPU
		{100F7931-8693-4436-A300-F7489198331F}.Release|x64.ActiveCfg = Release|Any CPU
		{100F7931-8693-4436-A300-F7489198331F}.Release|x64.Build.0 = Release|Any CPU
		{100F7931-8693-4436-A300-F7489198331F}.Release|x86.ActiveCfg = Release|Any CPU
		{100F7931-8693-4436-A300-F7489198331F}.Release|x86.Build.0 = Release|Any CPU
		{56CB1F14-88B4-489D-A2FB-3CCF146ACD9C}.Debug|Any CPU.ActiveCfg = Debug|Any CPU
		{56CB1F14-88B4-489D-A2FB-3CCF146ACD9C}.Debug|Any CPU.Build.0 = Debug|Any CPU
		{56CB1F14-88B4-489D-A2FB-3CCF146ACD9C}.Debug|x64.ActiveCfg = Debug|Any CPU
		{56CB1F14-88B4-489D-A2FB-3CCF146ACD9C}.Debug|x64.Build.0 = Debug|Any CPU
		{56CB1F14-88B4-489D-A2FB-3CCF146ACD9C}.Debug|x86.ActiveCfg = Debug|Any CPU
		{56CB1F14-88B4-489D-A2FB-3CCF146ACD9C}.Debug|x86.Build.0 = Debug|Any CPU
		{56CB1F14-88B4-489D-A2FB-3CCF146ACD9C}.Release|Any CPU.ActiveCfg = Release|Any CPU
		{56CB1F14-88B4-489D-A2FB-3CCF146ACD9C}.Release|Any CPU.Build.0 = Release|Any CPU
		{56CB1F14-88B4-489D-A2FB-3CCF146ACD9C}.Release|x64.ActiveCfg = Release|Any CPU
		{56CB1F14-88B4-489D-A2FB-3CCF146ACD9C}.Release|x64.Build.0 = Release|Any CPU
		{56CB1F14-88B4-489D-A2FB-3CCF146ACD9C}.Release|x86.ActiveCfg = Release|Any CPU
		{56CB1F14-88B4-489D-A2FB-3CCF146ACD9C}.Release|x86.Build.0 = Release|Any CPU
		{FABE00D8-E237-42EC-8EF0-9D7C79F43D86}.Debug|Any CPU.ActiveCfg = Debug|Any CPU
		{FABE00D8-E237-42EC-8EF0-9D7C79F43D86}.Debug|Any CPU.Build.0 = Debug|Any CPU
		{FABE00D8-E237-42EC-8EF0-9D7C79F43D86}.Debug|x64.ActiveCfg = Debug|Any CPU
		{FABE00D8-E237-42EC-8EF0-9D7C79F43D86}.Debug|x64.Build.0 = Debug|Any CPU
		{FABE00D8-E237-42EC-8EF0-9D7C79F43D86}.Debug|x86.ActiveCfg = Debug|Any CPU
		{FABE00D8-E237-42EC-8EF0-9D7C79F43D86}.Debug|x86.Build.0 = Debug|Any CPU
		{FABE00D8-E237-42EC-8EF0-9D7C79F43D86}.Release|Any CPU.ActiveCfg = Release|Any CPU
		{FABE00D8-E237-42EC-8EF0-9D7C79F43D86}.Release|Any CPU.Build.0 = Release|Any CPU
		{FABE00D8-E237-42EC-8EF0-9D7C79F43D86}.Release|x64.ActiveCfg = Release|Any CPU
		{FABE00D8-E237-42EC-8EF0-9D7C79F43D86}.Release|x64.Build.0 = Release|Any CPU
		{FABE00D8-E237-42EC-8EF0-9D7C79F43D86}.Release|x86.ActiveCfg = Release|Any CPU
		{FABE00D8-E237-42EC-8EF0-9D7C79F43D86}.Release|x86.Build.0 = Release|Any CPU
		{097924D7-6BDD-4565-9674-BC6E8DF3191B}.Debug|Any CPU.ActiveCfg = Debug|Any CPU
		{097924D7-6BDD-4565-9674-BC6E8DF3191B}.Debug|Any CPU.Build.0 = Debug|Any CPU
		{097924D7-6BDD-4565-9674-BC6E8DF3191B}.Debug|x64.ActiveCfg = Debug|Any CPU
		{097924D7-6BDD-4565-9674-BC6E8DF3191B}.Debug|x64.Build.0 = Debug|Any CPU
		{097924D7-6BDD-4565-9674-BC6E8DF3191B}.Debug|x86.ActiveCfg = Debug|Any CPU
		{097924D7-6BDD-4565-9674-BC6E8DF3191B}.Debug|x86.Build.0 = Debug|Any CPU
		{097924D7-6BDD-4565-9674-BC6E8DF3191B}.Release|Any CPU.ActiveCfg = Release|Any CPU
		{097924D7-6BDD-4565-9674-BC6E8DF3191B}.Release|Any CPU.Build.0 = Release|Any CPU
		{097924D7-6BDD-4565-9674-BC6E8DF3191B}.Release|x64.ActiveCfg = Release|Any CPU
		{097924D7-6BDD-4565-9674-BC6E8DF3191B}.Release|x64.Build.0 = Release|Any CPU
		{097924D7-6BDD-4565-9674-BC6E8DF3191B}.Release|x86.ActiveCfg = Release|Any CPU
		{097924D7-6BDD-4565-9674-BC6E8DF3191B}.Release|x86.Build.0 = Release|Any CPU
	EndGlobalSection
	GlobalSection(SolutionProperties) = preSolution
		HideSolutionNode = FALSE
	EndGlobalSection
	GlobalSection(NestedProjects) = preSolution
		{100F7931-8693-4436-A300-F7489198331F} = {D5DEE094-3038-4B02-A637-BD671FC7B04D}
		{56CB1F14-88B4-489D-A2FB-3CCF146ACD9C} = {D5DEE094-3038-4B02-A637-BD671FC7B04D}
		{FABE00D8-E237-42EC-8EF0-9D7C79F43D86} = {94365738-2CBA-4C42-AAED-7C38EC78D5F3}
		{097924D7-6BDD-4565-9674-BC6E8DF3191B} = {94365738-2CBA-4C42-AAED-7C38EC78D5F3}
	EndGlobalSection
	GlobalSection(ExtensibilityGlobals) = postSolution
		SolutionGuid = {A1C29F7E-932C-4D52-9DB2-AFCADC61A72F}
	EndGlobalSection
EndGlobal
